
Microsoft Visual Studio Solution File, Format Version 12.00
# Visual Studio Version 17
VisualStudioVersion = 17.3.32929.385
MinimumVisualStudioVersion = 10.0.40219.1
Project("{FAE04EC0-301F-11D3-BF4B-00C04F79EFBC}") = "RevitAPITrainingSelection", "RevitAPITrainingSelection\RevitAPITrainingSelection.csproj", "{98F5A5FA-D4D5-4AE9-A6A9-C6406C5B3D5E}"
EndProject
Global
	GlobalSection(SolutionConfigurationPlatforms) = preSolution
		Debug|Any CPU = Debug|Any CPU
		Release|Any CPU = Release|Any CPU
	EndGlobalSection
	GlobalSection(ProjectConfigurationPlatforms) = postSolution
		{98F5A5FA-D4D5-4AE9-A6A9-C6406C5B3D5E}.Debug|Any CPU.ActiveCfg = Debug|Any CPU
		{98F5A5FA-D4D5-4AE9-A6A9-C6406C5B3D5E}.Debug|Any CPU.Build.0 = Debug|Any CPU
		{98F5A5FA-D4D5-4AE9-A6A9-C6406C5B3D5E}.Release|Any CPU.ActiveCfg = Release|Any CPU
		{98F5A5FA-D4D5-4AE9-A6A9-C6406C5B3D5E}.Release|Any CPU.Build.0 = Release|Any CPU
	EndGlobalSection
	GlobalSection(SolutionProperties) = preSolution
		HideSolutionNode = FALSE
	EndGlobalSection
	GlobalSection(ExtensibilityGlobals) = postSolution
		SolutionGuid = {2B061B62-55C5-4659-A9A7-2B6A85891E8A}
	EndGlobalSection
EndGlobal
